// !$*UTF8*$!
{
	archiveVersion = 1;
	classes = {
	};
	objectVersion = 55;
	objects = {

/* Begin PBXBuildFile section */
		2308B0242799D83D004145E2 /* UIViewController+Extension.swift in Sources */ = {isa = PBXBuildFile; fileRef = 2308B0232799D83D004145E2 /* UIViewController+Extension.swift */; };
		2308B0262799DEBF004145E2 /* ToastMessage.swift in Sources */ = {isa = PBXBuildFile; fileRef = 2308B0252799DEBF004145E2 /* ToastMessage.swift */; };
		2323AEAE27A557CA00895CC7 /* ProfileCardText.swift in Sources */ = {isa = PBXBuildFile; fileRef = 2323AEAD27A557CA00895CC7 /* ProfileCardText.swift */; };
		2323AEB027A5BDDB00895CC7 /* RangeSlider.swift in Sources */ = {isa = PBXBuildFile; fileRef = 2323AEAF27A5BDDB00895CC7 /* RangeSlider.swift */; };
		2323AEB427A6CE0600895CC7 /* RangeSliderTrackLayer.swift in Sources */ = {isa = PBXBuildFile; fileRef = 2323AEB327A6CE0600895CC7 /* RangeSliderTrackLayer.swift */; };
		2323AEB627A6F2E500895CC7 /* ProfileCardView.swift in Sources */ = {isa = PBXBuildFile; fileRef = 2323AEB527A6F2E500895CC7 /* ProfileCardView.swift */; };
		2323AEB827A6F53D00895CC7 /* ProfileHeaderView.swift in Sources */ = {isa = PBXBuildFile; fileRef = 2323AEB727A6F53D00895CC7 /* ProfileHeaderView.swift */; };
		2323AEBA27A7048C00895CC7 /* NameTableViewCell.swift in Sources */ = {isa = PBXBuildFile; fileRef = 2323AEB927A7048C00895CC7 /* NameTableViewCell.swift */; };
		2323AEBE27A71F7300895CC7 /* TitleCollectionViewCell.swift in Sources */ = {isa = PBXBuildFile; fileRef = 2323AEBD27A71F7300895CC7 /* TitleCollectionViewCell.swift */; };
		232FCFF627B0B2CF00A2558C /* withdrawalViewController.swift in Sources */ = {isa = PBXBuildFile; fileRef = 232FCFF527B0B2CF00A2558C /* withdrawalViewController.swift */; };
		232FCFF827B0C10600A2558C /* AlertText.swift in Sources */ = {isa = PBXBuildFile; fileRef = 232FCFF727B0C10600A2558C /* AlertText.swift */; };
		232FCFFA27B1022A00A2558C /* HomeView.swift in Sources */ = {isa = PBXBuildFile; fileRef = 232FCFF927B1022A00A2558C /* HomeView.swift */; };
		232FCFFD27B1034900A2558C /* HomeViewModel.swift in Sources */ = {isa = PBXBuildFile; fileRef = 232FCFFC27B1034900A2558C /* HomeViewModel.swift */; };
		23335717279D580D0062A9E8 /* Endpoint.swift in Sources */ = {isa = PBXBuildFile; fileRef = 23335716279D580D0062A9E8 /* Endpoint.swift */; };
		23335719279DB2A90062A9E8 /* UserAPIService.swift in Sources */ = {isa = PBXBuildFile; fileRef = 23335718279DB2A90062A9E8 /* UserAPIService.swift */; };
		2333571B279DC6AE0062A9E8 /* User.swift in Sources */ = {isa = PBXBuildFile; fileRef = 2333571A279DC6AE0062A9E8 /* User.swift */; };
		2333571D279DED330062A9E8 /* BirthTextFieldView.swift in Sources */ = {isa = PBXBuildFile; fileRef = 2333571C279DED330062A9E8 /* BirthTextFieldView.swift */; };
		2333571F279DF89E0062A9E8 /* genderBoxView.swift in Sources */ = {isa = PBXBuildFile; fileRef = 2333571E279DF89E0062A9E8 /* genderBoxView.swift */; };
		23335727279FB5650062A9E8 /* Date+Extension.swift in Sources */ = {isa = PBXBuildFile; fileRef = 23335726279FB5650062A9E8 /* Date+Extension.swift */; };
		2333572D27A08D630062A9E8 /* APIErrorMessage.swift in Sources */ = {isa = PBXBuildFile; fileRef = 2333572C27A08D630062A9E8 /* APIErrorMessage.swift */; };
		2333572F27A09EF20062A9E8 /* MyPageView.swift in Sources */ = {isa = PBXBuildFile; fileRef = 2333572E27A09EF20062A9E8 /* MyPageView.swift */; };
		2333573227A09FCE0062A9E8 /* MainView.swift in Sources */ = {isa = PBXBuildFile; fileRef = 2333573127A09FCE0062A9E8 /* MainView.swift */; };
		233D799527B9272900BA0671 /* CustomPointAnnotation.swift in Sources */ = {isa = PBXBuildFile; fileRef = 233D799427B9272900BA0671 /* CustomPointAnnotation.swift */; };
		233D799927B9ADAA00BA0671 /* TitleWithXCollectionViewCell.swift in Sources */ = {isa = PBXBuildFile; fileRef = 233D799827B9ADAA00BA0671 /* TitleWithXCollectionViewCell.swift */; };
		233D799D27B9B50100BA0671 /* HobbyTableViewCell.swift in Sources */ = {isa = PBXBuildFile; fileRef = 233D799C27B9B50100BA0671 /* HobbyTableViewCell.swift */; };
		233D799F27B9E08D00BA0671 /* RecommendCollectionViewCell.swift in Sources */ = {isa = PBXBuildFile; fileRef = 233D799E27B9E08D00BA0671 /* RecommendCollectionViewCell.swift */; };
		23439AE927BB2A0900F79318 /* FindViewController.swift in Sources */ = {isa = PBXBuildFile; fileRef = 23439AE827BB2A0900F79318 /* FindViewController.swift */; };
		23439AEB27BB2A0F00F79318 /* FindView.swift in Sources */ = {isa = PBXBuildFile; fileRef = 23439AEA27BB2A0F00F79318 /* FindView.swift */; };
		23439AED27BBA8BD00F79318 /* LeftAlignedCollectionViewFlowlayout.swift in Sources */ = {isa = PBXBuildFile; fileRef = 23439AEC27BBA8BD00F79318 /* LeftAlignedCollectionViewFlowlayout.swift */; };
		234CEC012799F76B00983E20 /* OnboardingCardView.swift in Sources */ = {isa = PBXBuildFile; fileRef = 234CEC002799F76B00983E20 /* OnboardingCardView.swift */; };
		234CEC032799F7F600983E20 /* OnboardingImages.swift in Sources */ = {isa = PBXBuildFile; fileRef = 234CEC022799F7F600983E20 /* OnboardingImages.swift */; };
		234CEC052799FAC300983E20 /* BaseUIView.swift in Sources */ = {isa = PBXBuildFile; fileRef = 234CEC042799FAC300983E20 /* BaseUIView.swift */; };
		234CEC09279AAD3A00983E20 /* OnboardingCardViewController.swift in Sources */ = {isa = PBXBuildFile; fileRef = 234CEC08279AAD3A00983E20 /* OnboardingCardViewController.swift */; };
		234CEC0B279AB3D500983E20 /* UIView+Extension.swift in Sources */ = {isa = PBXBuildFile; fileRef = 234CEC0A279AB3D500983E20 /* UIView+Extension.swift */; };
		234CEC0D279AF61500983E20 /* PageViewController.swift in Sources */ = {isa = PBXBuildFile; fileRef = 234CEC0C279AF61500983E20 /* PageViewController.swift */; };
		234CEC15279B247800983E20 /* OnboardingView.swift in Sources */ = {isa = PBXBuildFile; fileRef = 234CEC14279B247800983E20 /* OnboardingView.swift */; };
		234CEC17279B39AC00983E20 /* OnboardingViewController.swift in Sources */ = {isa = PBXBuildFile; fileRef = 234CEC16279B39AC00983E20 /* OnboardingViewController.swift */; };
		234CEC19279C512700983E20 /* SignUpNicknameView.swift in Sources */ = {isa = PBXBuildFile; fileRef = 234CEC18279C512600983E20 /* SignUpNicknameView.swift */; };
		234CEC1B279C51C700983E20 /* Text.swift in Sources */ = {isa = PBXBuildFile; fileRef = 234CEC1A279C51C700983E20 /* Text.swift */; };
		234CEC1D279C61F700983E20 /* NicknameView.swift in Sources */ = {isa = PBXBuildFile; fileRef = 234CEC1C279C61F700983E20 /* NicknameView.swift */; };
		234CEC20279C729800983E20 /* AssetsText.swift in Sources */ = {isa = PBXBuildFile; fileRef = 234CEC1F279C729800983E20 /* AssetsText.swift */; };
		234CEC22279C827F00983E20 /* SignUpNicknameViewController.swift in Sources */ = {isa = PBXBuildFile; fileRef = 234CEC21279C827F00983E20 /* SignUpNicknameViewController.swift */; };
		234CEC28279C859300983E20 /* SignUpViewModel.swift in Sources */ = {isa = PBXBuildFile; fileRef = 234CEC27279C859300983E20 /* SignUpViewModel.swift */; };
		234CEC2A279C863900983E20 /* BirthView.swift in Sources */ = {isa = PBXBuildFile; fileRef = 234CEC29279C863900983E20 /* BirthView.swift */; };
		234CEC2C279C863F00983E20 /* BirthViewController.swift in Sources */ = {isa = PBXBuildFile; fileRef = 234CEC2B279C863F00983E20 /* BirthViewController.swift */; };
		234CEC32279C95FF00983E20 /* SetEmailView.swift in Sources */ = {isa = PBXBuildFile; fileRef = 234CEC31279C95FF00983E20 /* SetEmailView.swift */; };
		234CEC34279C971F00983E20 /* EmailViewController.swift in Sources */ = {isa = PBXBuildFile; fileRef = 234CEC33279C971F00983E20 /* EmailViewController.swift */; };
		234CEC39279C9CEA00983E20 /* GenderViewController.swift in Sources */ = {isa = PBXBuildFile; fileRef = 234CEC38279C9CEA00983E20 /* GenderViewController.swift */; };
		234CEC3B279C9D0B00983E20 /* GenderView.swift in Sources */ = {isa = PBXBuildFile; fileRef = 234CEC3A279C9D0B00983E20 /* GenderView.swift */; };
		234DC38E27AD9B5A00132A36 /* ProfileViewModel.swift in Sources */ = {isa = PBXBuildFile; fileRef = 234DC38D27AD9B5A00132A36 /* ProfileViewModel.swift */; };
		234E5FA427978FE700F5D2BB /* AuthVerificationCodeView.swift in Sources */ = {isa = PBXBuildFile; fileRef = 234E5FA327978FE700F5D2BB /* AuthVerificationCodeView.swift */; };
		234E5FA627987EE900F5D2BB /* UIButton+Extension.swift in Sources */ = {isa = PBXBuildFile; fileRef = 234E5FA527987EE900F5D2BB /* UIButton+Extension.swift */; };
		234E5FAA27988F8D00F5D2BB /* GoogleService-Info.plist in Resources */ = {isa = PBXBuildFile; fileRef = 234E5FA927988F8D00F5D2BB /* GoogleService-Info.plist */; };
		2359D73C27E1DB23008E24D0 /* ChatView.swift in Sources */ = {isa = PBXBuildFile; fileRef = 2359D73B27E1DB23008E24D0 /* ChatView.swift */; };
		236820C627B441B800C79EAC /* MyPageProfileTableViewCell.swift in Sources */ = {isa = PBXBuildFile; fileRef = 236820C527B441B800C79EAC /* MyPageProfileTableViewCell.swift */; };
		236820CA27B4579500C79EAC /* SearchHobbyView.swift in Sources */ = {isa = PBXBuildFile; fileRef = 236820C927B4579500C79EAC /* SearchHobbyView.swift */; };
		236820CC27B457A400C79EAC /* SearchHobbyViewController.swift in Sources */ = {isa = PBXBuildFile; fileRef = 236820CB27B457A400C79EAC /* SearchHobbyViewController.swift */; };
		236820CF27B4582600C79EAC /* HomeText.swift in Sources */ = {isa = PBXBuildFile; fileRef = 236820CE27B4582600C79EAC /* HomeText.swift */; };
		236820D127B460D800C79EAC /* QueueViewModel.swift in Sources */ = {isa = PBXBuildFile; fileRef = 236820D027B460D800C79EAC /* QueueViewModel.swift */; };
		236820D327B4659200C79EAC /* Friends.swift in Sources */ = {isa = PBXBuildFile; fileRef = 236820D227B4659200C79EAC /* Friends.swift */; };
		236820D527B47C4C00C79EAC /* QueueService.swift in Sources */ = {isa = PBXBuildFile; fileRef = 236820D427B47C4C00C79EAC /* QueueService.swift */; };
		236BE66E27BE6009008E4040 /* Coordinator.swift in Sources */ = {isa = PBXBuildFile; fileRef = 236BE66D27BE6009008E4040 /* Coordinator.swift */; };
		236BE67027BE6033008E4040 /* MainCoordinator.swift in Sources */ = {isa = PBXBuildFile; fileRef = 236BE66F27BE6033008E4040 /* MainCoordinator.swift */; };
		236BE67227BE6057008E4040 /* TabBarCoordinator.swift in Sources */ = {isa = PBXBuildFile; fileRef = 236BE67127BE6057008E4040 /* TabBarCoordinator.swift */; };
		236BE67427BE6089008E4040 /* HomeCoordinator.swift in Sources */ = {isa = PBXBuildFile; fileRef = 236BE67327BE6089008E4040 /* HomeCoordinator.swift */; };
		236BE67627BE60B7008E4040 /* FriendsCoordinator.swift in Sources */ = {isa = PBXBuildFile; fileRef = 236BE67527BE60B7008E4040 /* FriendsCoordinator.swift */; };
		236BE67827BE60C5008E4040 /* ShopCoordinator.swift in Sources */ = {isa = PBXBuildFile; fileRef = 236BE67727BE60C5008E4040 /* ShopCoordinator.swift */; };
		236BE67A27BE60EC008E4040 /* MyPageCoordinator.swift in Sources */ = {isa = PBXBuildFile; fileRef = 236BE67927BE60EC008E4040 /* MyPageCoordinator.swift */; };
		236BE67C27BE6135008E4040 /* AuthCoordinator.swift in Sources */ = {isa = PBXBuildFile; fileRef = 236BE67B27BE6135008E4040 /* AuthCoordinator.swift */; };
		237B9F0E27A262BD008A6E06 /* MyPageViewCell.swift in Sources */ = {isa = PBXBuildFile; fileRef = 237B9F0D27A262BD008A6E06 /* MyPageViewCell.swift */; };
		237B9F1227A2AA13008A6E06 /* PushCoordinator.swift in Sources */ = {isa = PBXBuildFile; fileRef = 237B9F1127A2AA13008A6E06 /* PushCoordinator.swift */; };
		237B9F1427A35233008A6E06 /* FriendsViewController.swift in Sources */ = {isa = PBXBuildFile; fileRef = 237B9F1327A35232008A6E06 /* FriendsViewController.swift */; };
		237B9F1627A35237008A6E06 /* HomeViewController.swift in Sources */ = {isa = PBXBuildFile; fileRef = 237B9F1527A35237008A6E06 /* HomeViewController.swift */; };
		237B9F1827A35239008A6E06 /* ShopViewController.swift in Sources */ = {isa = PBXBuildFile; fileRef = 237B9F1727A35239008A6E06 /* ShopViewController.swift */; };
		237B9F1A27A3DC16008A6E06 /* ProfileDetailView.swift in Sources */ = {isa = PBXBuildFile; fileRef = 237B9F1927A3DC16008A6E06 /* ProfileDetailView.swift */; };
		237B9F1C27A3FB3F008A6E06 /* ProfileViewController.swift in Sources */ = {isa = PBXBuildFile; fileRef = 237B9F1B27A3FB3F008A6E06 /* ProfileViewController.swift */; };
		237B9F2027A53F8A008A6E06 /* QueueAPIService.swift in Sources */ = {isa = PBXBuildFile; fileRef = 237B9F1F27A53F8A008A6E06 /* QueueAPIService.swift */; };
		238983C827D223A700033AE2 /* FriendCardTableViewCell.swift in Sources */ = {isa = PBXBuildFile; fileRef = 238983C727D223A700033AE2 /* FriendCardTableViewCell.swift */; };
		238983CB27D54AF700033AE2 /* RequsetAcceptViewController.swift in Sources */ = {isa = PBXBuildFile; fileRef = 238983CA27D54AF700033AE2 /* RequsetAcceptViewController.swift */; };
		2389E1B027967B1200BE68E3 /* MainViewController.swift in Sources */ = {isa = PBXBuildFile; fileRef = 2389E1AF27967B1200BE68E3 /* MainViewController.swift */; };
		2389E1B227967B9900BE68E3 /* UIColor+Extension.swift in Sources */ = {isa = PBXBuildFile; fileRef = 2389E1B127967B9900BE68E3 /* UIColor+Extension.swift */; };
		2389E1C42796862A00BE68E3 /* UIFont+Extension.swift in Sources */ = {isa = PBXBuildFile; fileRef = 2389E1C32796862A00BE68E3 /* UIFont+Extension.swift */; };
		2389E1C5279686F700BE68E3 /* NotoSansCJKkr-Medium.otf in Resources */ = {isa = PBXBuildFile; fileRef = 2389E1C2279685CA00BE68E3 /* NotoSansCJKkr-Medium.otf */; };
		2389E1C6279686F900BE68E3 /* NotoSansCJKkr-Regular.otf in Resources */ = {isa = PBXBuildFile; fileRef = 2389E1C0279685A200BE68E3 /* NotoSansCJKkr-Regular.otf */; };
		2389E1C8279697E200BE68E3 /* UITextField+Extension.swift in Sources */ = {isa = PBXBuildFile; fileRef = 2389E1C7279697E200BE68E3 /* UITextField+Extension.swift */; };
		2389E1D32796A29F00BE68E3 /* AuthViewModel.swift in Sources */ = {isa = PBXBuildFile; fileRef = 2389E1D22796A29F00BE68E3 /* AuthViewModel.swift */; };
		2389E1D52796A2AD00BE68E3 /* AuthAPIService.swift in Sources */ = {isa = PBXBuildFile; fileRef = 2389E1D42796A2AD00BE68E3 /* AuthAPIService.swift */; };
		2389E1D72796A31800BE68E3 /* BaseViewController.swift in Sources */ = {isa = PBXBuildFile; fileRef = 2389E1D62796A31800BE68E3 /* BaseViewController.swift */; };
		2389E1DB2796B6FF00BE68E3 /* UserDefaults+Extension.swift in Sources */ = {isa = PBXBuildFile; fileRef = 2389E1DA2796B6FF00BE68E3 /* UserDefaults+Extension.swift */; };
		2389E1DE2796D8C800BE68E3 /* AuthVerificationCodeViewController.swift in Sources */ = {isa = PBXBuildFile; fileRef = 2389E1DD2796D8C800BE68E3 /* AuthVerificationCodeViewController.swift */; };
		2399602D279656EB001C8EA4 /* AppDelegate.swift in Sources */ = {isa = PBXBuildFile; fileRef = 2399602C279656EB001C8EA4 /* AppDelegate.swift */; };
		2399602F279656EB001C8EA4 /* SceneDelegate.swift in Sources */ = {isa = PBXBuildFile; fileRef = 2399602E279656EB001C8EA4 /* SceneDelegate.swift */; };
		23996036279656EC001C8EA4 /* Assets.xcassets in Resources */ = {isa = PBXBuildFile; fileRef = 23996035279656EC001C8EA4 /* Assets.xcassets */; };
		23996039279656EC001C8EA4 /* LaunchScreen.storyboard in Resources */ = {isa = PBXBuildFile; fileRef = 23996037279656EC001C8EA4 /* LaunchScreen.storyboard */; };
		239960412796572C001C8EA4 /* String+Extension.swift in Sources */ = {isa = PBXBuildFile; fileRef = 239960402796572C001C8EA4 /* String+Extension.swift */; };
		2399604327965741001C8EA4 /* AuthView.swift in Sources */ = {isa = PBXBuildFile; fileRef = 2399604227965741001C8EA4 /* AuthView.swift */; };
		2399604527965760001C8EA4 /* AuthViewController.swift in Sources */ = {isa = PBXBuildFile; fileRef = 2399604427965760001C8EA4 /* AuthViewController.swift */; };
		23A851AB27C8C834005FFC7F /* VerificationCoordinator.swift in Sources */ = {isa = PBXBuildFile; fileRef = 23A851AA27C8C834005FFC7F /* VerificationCoordinator.swift */; };
		23A851AF27CB8867005FFC7F /* FindViewModel.swift in Sources */ = {isa = PBXBuildFile; fileRef = 23A851AE27CB8867005FFC7F /* FindViewModel.swift */; };
		23A851B127CB9433005FFC7F /* ChattingViewController.swift in Sources */ = {isa = PBXBuildFile; fileRef = 23A851B027CB9433005FFC7F /* ChattingViewController.swift */; };
		23ADC13C27AAFA9700101C43 /* UserTitleText.swift in Sources */ = {isa = PBXBuildFile; fileRef = 23ADC13B27AAFA9700101C43 /* UserTitleText.swift */; };
		23ADC14027AB03BB00101C43 /* TitleTableViewCell.swift in Sources */ = {isa = PBXBuildFile; fileRef = 23ADC13F27AB03BB00101C43 /* TitleTableViewCell.swift */; };
		23ADC14227AB1F3F00101C43 /* ReviewTableViewCell.swift in Sources */ = {isa = PBXBuildFile; fileRef = 23ADC14127AB1F3F00101C43 /* ReviewTableViewCell.swift */; };
		23ADC14427AB2EED00101C43 /* ProfileView.swift in Sources */ = {isa = PBXBuildFile; fileRef = 23ADC14327AB2EED00101C43 /* ProfileView.swift */; };
		23AF965327A19B210078A204 /* MainTabBarController.swift in Sources */ = {isa = PBXBuildFile; fileRef = 23AF965227A19B210078A204 /* MainTabBarController.swift */; };
		23AF965527A19BEC0078A204 /* MyPageViewController.swift in Sources */ = {isa = PBXBuildFile; fileRef = 23AF965427A19BEC0078A204 /* MyPageViewController.swift */; };
		23AF965927A1A0470078A204 /* TabBarText.swift in Sources */ = {isa = PBXBuildFile; fileRef = 23AF965827A1A0470078A204 /* TabBarText.swift */; };
		23B7A36327C34EDF00B9CED3 /* SignUpCoordinator.swift in Sources */ = {isa = PBXBuildFile; fileRef = 23B7A36227C34EDF00B9CED3 /* SignUpCoordinator.swift */; };
		23B7A36527C476FE00B9CED3 /* FriendsListView.swift in Sources */ = {isa = PBXBuildFile; fileRef = 23B7A36427C476FE00B9CED3 /* FriendsListView.swift */; };
		23BE83EE27B705ED00416C6E /* GeneralAPIComponents.swift in Sources */ = {isa = PBXBuildFile; fileRef = 23BE83ED27B705ED00416C6E /* GeneralAPIComponents.swift */; };
		23BE83F027B70F4700416C6E /* QueueRequest.swift in Sources */ = {isa = PBXBuildFile; fileRef = 23BE83EF27B70F4700416C6E /* QueueRequest.swift */; };
		23BE83F227B724C000416C6E /* ResponseData.swift in Sources */ = {isa = PBXBuildFile; fileRef = 23BE83F127B724C000416C6E /* ResponseData.swift */; };
		23BE83F427B7AC9C00416C6E /* UserService.swift in Sources */ = {isa = PBXBuildFile; fileRef = 23BE83F327B7AC9C00416C6E /* UserService.swift */; };
		23BE83F627B7AE4600416C6E /* UserRequest.swift in Sources */ = {isa = PBXBuildFile; fileRef = 23BE83F527B7AE4600416C6E /* UserRequest.swift */; };
		23C97FC527ADC36A0087A239 /* AlertView.swift in Sources */ = {isa = PBXBuildFile; fileRef = 23C97FC427ADC36A0087A239 /* AlertView.swift */; };
		23CC363A27BC68CC005FE3F0 /* MyQueueState.swift in Sources */ = {isa = PBXBuildFile; fileRef = 23CC363927BC68CC005FE3F0 /* MyQueueState.swift */; };
		23CC363C27BC6D4F005FE3F0 /* NearByViewController.swift in Sources */ = {isa = PBXBuildFile; fileRef = 23CC363B27BC6D4F005FE3F0 /* NearByViewController.swift */; };
		23CC363E27BC6DA0005FE3F0 /* ReceivedViewController.swift in Sources */ = {isa = PBXBuildFile; fileRef = 23CC363D27BC6DA0005FE3F0 /* ReceivedViewController.swift */; };
		23CC364027BC9953005FE3F0 /* CollectionHeaderView.swift in Sources */ = {isa = PBXBuildFile; fileRef = 23CC363F27BC9953005FE3F0 /* CollectionHeaderView.swift */; };
		23CC364227BCA9D7005FE3F0 /* NetworkMonitor.swift in Sources */ = {isa = PBXBuildFile; fileRef = 23CC364127BCA9D7005FE3F0 /* NetworkMonitor.swift */; };
		5C93FDF7CAC2E24622416FBC /* Pods_SeSacFriends.framework in Frameworks */ = {isa = PBXBuildFile; fileRef = 9567CF4BC81C9EA3D52C0EEB /* Pods_SeSacFriends.framework */; };
/* End PBXBuildFile section */

/* Begin PBXFileReference section */
		2308B0232799D83D004145E2 /* UIViewController+Extension.swift */ = {isa = PBXFileReference; lastKnownFileType = sourcecode.swift; path = "UIViewController+Extension.swift"; sourceTree = "<group>"; };
		2308B0252799DEBF004145E2 /* ToastMessage.swift */ = {isa = PBXFileReference; lastKnownFileType = sourcecode.swift; path = ToastMessage.swift; sourceTree = "<group>"; };
		2323AEAD27A557CA00895CC7 /* ProfileCardText.swift */ = {isa = PBXFileReference; lastKnownFileType = sourcecode.swift; path = ProfileCardText.swift; sourceTree = "<group>"; };
		2323AEAF27A5BDDB00895CC7 /* RangeSlider.swift */ = {isa = PBXFileReference; lastKnownFileType = sourcecode.swift; path = RangeSlider.swift; sourceTree = "<group>"; };
		2323AEB327A6CE0600895CC7 /* RangeSliderTrackLayer.swift */ = {isa = PBXFileReference; lastKnownFileType = sourcecode.swift; path = RangeSliderTrackLayer.swift; sourceTree = "<group>"; };
		2323AEB527A6F2E500895CC7 /* ProfileCardView.swift */ = {isa = PBXFileReference; lastKnownFileType = sourcecode.swift; path = ProfileCardView.swift; sourceTree = "<group>"; };
		2323AEB727A6F53D00895CC7 /* ProfileHeaderView.swift */ = {isa = PBXFileReference; lastKnownFileType = sourcecode.swift; path = ProfileHeaderView.swift; sourceTree = "<group>"; };
		2323AEB927A7048C00895CC7 /* NameTableViewCell.swift */ = {isa = PBXFileReference; lastKnownFileType = sourcecode.swift; path = NameTableViewCell.swift; sourceTree = "<group>"; };
		2323AEBD27A71F7300895CC7 /* TitleCollectionViewCell.swift */ = {isa = PBXFileReference; lastKnownFileType = sourcecode.swift; path = TitleCollectionViewCell.swift; sourceTree = "<group>"; };
		232FCFF527B0B2CF00A2558C /* withdrawalViewController.swift */ = {isa = PBXFileReference; lastKnownFileType = sourcecode.swift; path = withdrawalViewController.swift; sourceTree = "<group>"; };
		232FCFF727B0C10600A2558C /* AlertText.swift */ = {isa = PBXFileReference; lastKnownFileType = sourcecode.swift; path = AlertText.swift; sourceTree = "<group>"; };
		232FCFF927B1022A00A2558C /* HomeView.swift */ = {isa = PBXFileReference; lastKnownFileType = sourcecode.swift; path = HomeView.swift; sourceTree = "<group>"; };
		232FCFFC27B1034900A2558C /* HomeViewModel.swift */ = {isa = PBXFileReference; lastKnownFileType = sourcecode.swift; path = HomeViewModel.swift; sourceTree = "<group>"; };
		23335716279D580D0062A9E8 /* Endpoint.swift */ = {isa = PBXFileReference; lastKnownFileType = sourcecode.swift; path = Endpoint.swift; sourceTree = "<group>"; };
		23335718279DB2A90062A9E8 /* UserAPIService.swift */ = {isa = PBXFileReference; lastKnownFileType = sourcecode.swift; path = UserAPIService.swift; sourceTree = "<group>"; };
		2333571A279DC6AE0062A9E8 /* User.swift */ = {isa = PBXFileReference; lastKnownFileType = sourcecode.swift; path = User.swift; sourceTree = "<group>"; };
		2333571C279DED330062A9E8 /* BirthTextFieldView.swift */ = {isa = PBXFileReference; lastKnownFileType = sourcecode.swift; path = BirthTextFieldView.swift; sourceTree = "<group>"; };
		2333571E279DF89E0062A9E8 /* genderBoxView.swift */ = {isa = PBXFileReference; lastKnownFileType = sourcecode.swift; path = genderBoxView.swift; sourceTree = "<group>"; };
		23335726279FB5650062A9E8 /* Date+Extension.swift */ = {isa = PBXFileReference; lastKnownFileType = sourcecode.swift; path = "Date+Extension.swift"; sourceTree = "<group>"; };
		2333572C27A08D630062A9E8 /* APIErrorMessage.swift */ = {isa = PBXFileReference; lastKnownFileType = sourcecode.swift; path = APIErrorMessage.swift; sourceTree = "<group>"; };
		2333572E27A09EF20062A9E8 /* MyPageView.swift */ = {isa = PBXFileReference; lastKnownFileType = sourcecode.swift; path = MyPageView.swift; sourceTree = "<group>"; };
		2333573127A09FCE0062A9E8 /* MainView.swift */ = {isa = PBXFileReference; lastKnownFileType = sourcecode.swift; path = MainView.swift; sourceTree = "<group>"; };
		233D799427B9272900BA0671 /* CustomPointAnnotation.swift */ = {isa = PBXFileReference; lastKnownFileType = sourcecode.swift; path = CustomPointAnnotation.swift; sourceTree = "<group>"; };
		233D799827B9ADAA00BA0671 /* TitleWithXCollectionViewCell.swift */ = {isa = PBXFileReference; lastKnownFileType = sourcecode.swift; path = TitleWithXCollectionViewCell.swift; sourceTree = "<group>"; };
		233D799C27B9B50100BA0671 /* HobbyTableViewCell.swift */ = {isa = PBXFileReference; lastKnownFileType = sourcecode.swift; path = HobbyTableViewCell.swift; sourceTree = "<group>"; };
		233D799E27B9E08D00BA0671 /* RecommendCollectionViewCell.swift */ = {isa = PBXFileReference; lastKnownFileType = sourcecode.swift; path = RecommendCollectionViewCell.swift; sourceTree = "<group>"; };
		23439AE827BB2A0900F79318 /* FindViewController.swift */ = {isa = PBXFileReference; lastKnownFileType = sourcecode.swift; path = FindViewController.swift; sourceTree = "<group>"; };
		23439AEA27BB2A0F00F79318 /* FindView.swift */ = {isa = PBXFileReference; lastKnownFileType = sourcecode.swift; path = FindView.swift; sourceTree = "<group>"; };
		23439AEC27BBA8BD00F79318 /* LeftAlignedCollectionViewFlowlayout.swift */ = {isa = PBXFileReference; lastKnownFileType = sourcecode.swift; path = LeftAlignedCollectionViewFlowlayout.swift; sourceTree = "<group>"; };
		234CEC002799F76B00983E20 /* OnboardingCardView.swift */ = {isa = PBXFileReference; lastKnownFileType = sourcecode.swift; path = OnboardingCardView.swift; sourceTree = "<group>"; };
		234CEC022799F7F600983E20 /* OnboardingImages.swift */ = {isa = PBXFileReference; lastKnownFileType = sourcecode.swift; path = OnboardingImages.swift; sourceTree = "<group>"; };
		234CEC042799FAC300983E20 /* BaseUIView.swift */ = {isa = PBXFileReference; lastKnownFileType = sourcecode.swift; path = BaseUIView.swift; sourceTree = "<group>"; };
		234CEC08279AAD3A00983E20 /* OnboardingCardViewController.swift */ = {isa = PBXFileReference; lastKnownFileType = sourcecode.swift; path = OnboardingCardViewController.swift; sourceTree = "<group>"; };
		234CEC0A279AB3D500983E20 /* UIView+Extension.swift */ = {isa = PBXFileReference; lastKnownFileType = sourcecode.swift; path = "UIView+Extension.swift"; sourceTree = "<group>"; };
		234CEC0C279AF61500983E20 /* PageViewController.swift */ = {isa = PBXFileReference; lastKnownFileType = sourcecode.swift; path = PageViewController.swift; sourceTree = "<group>"; };
		234CEC14279B247800983E20 /* OnboardingView.swift */ = {isa = PBXFileReference; lastKnownFileType = sourcecode.swift; path = OnboardingView.swift; sourceTree = "<group>"; };
		234CEC16279B39AC00983E20 /* OnboardingViewController.swift */ = {isa = PBXFileReference; lastKnownFileType = sourcecode.swift; path = OnboardingViewController.swift; sourceTree = "<group>"; };
		234CEC18279C512600983E20 /* SignUpNicknameView.swift */ = {isa = PBXFileReference; lastKnownFileType = sourcecode.swift; path = SignUpNicknameView.swift; sourceTree = "<group>"; };
		234CEC1A279C51C700983E20 /* Text.swift */ = {isa = PBXFileReference; lastKnownFileType = sourcecode.swift; path = Text.swift; sourceTree = "<group>"; };
		234CEC1C279C61F700983E20 /* NicknameView.swift */ = {isa = PBXFileReference; lastKnownFileType = sourcecode.swift; path = NicknameView.swift; sourceTree = "<group>"; };
		234CEC1F279C729800983E20 /* AssetsText.swift */ = {isa = PBXFileReference; lastKnownFileType = sourcecode.swift; path = AssetsText.swift; sourceTree = "<group>"; };
		234CEC21279C827F00983E20 /* SignUpNicknameViewController.swift */ = {isa = PBXFileReference; lastKnownFileType = sourcecode.swift; path = SignUpNicknameViewController.swift; sourceTree = "<group>"; };
		234CEC27279C859300983E20 /* SignUpViewModel.swift */ = {isa = PBXFileReference; lastKnownFileType = sourcecode.swift; path = SignUpViewModel.swift; sourceTree = "<group>"; };
		234CEC29279C863900983E20 /* BirthView.swift */ = {isa = PBXFileReference; lastKnownFileType = sourcecode.swift; path = BirthView.swift; sourceTree = "<group>"; };
		234CEC2B279C863F00983E20 /* BirthViewController.swift */ = {isa = PBXFileReference; lastKnownFileType = sourcecode.swift; path = BirthViewController.swift; sourceTree = "<group>"; };
		234CEC31279C95FF00983E20 /* SetEmailView.swift */ = {isa = PBXFileReference; lastKnownFileType = sourcecode.swift; path = SetEmailView.swift; sourceTree = "<group>"; };
		234CEC33279C971F00983E20 /* EmailViewController.swift */ = {isa = PBXFileReference; lastKnownFileType = sourcecode.swift; path = EmailViewController.swift; sourceTree = "<group>"; };
		234CEC38279C9CEA00983E20 /* GenderViewController.swift */ = {isa = PBXFileReference; lastKnownFileType = sourcecode.swift; path = GenderViewController.swift; sourceTree = "<group>"; };
		234CEC3A279C9D0B00983E20 /* GenderView.swift */ = {isa = PBXFileReference; lastKnownFileType = sourcecode.swift; path = GenderView.swift; sourceTree = "<group>"; };
		234DC38D27AD9B5A00132A36 /* ProfileViewModel.swift */ = {isa = PBXFileReference; lastKnownFileType = sourcecode.swift; path = ProfileViewModel.swift; sourceTree = "<group>"; };
		234E5FA327978FE700F5D2BB /* AuthVerificationCodeView.swift */ = {isa = PBXFileReference; lastKnownFileType = sourcecode.swift; path = AuthVerificationCodeView.swift; sourceTree = "<group>"; };
		234E5FA527987EE900F5D2BB /* UIButton+Extension.swift */ = {isa = PBXFileReference; lastKnownFileType = sourcecode.swift; path = "UIButton+Extension.swift"; sourceTree = "<group>"; };
		234E5FA927988F8D00F5D2BB /* GoogleService-Info.plist */ = {isa = PBXFileReference; fileEncoding = 4; lastKnownFileType = text.plist.xml; path = "GoogleService-Info.plist"; sourceTree = "<group>"; };
		2359D73B27E1DB23008E24D0 /* ChatView.swift */ = {isa = PBXFileReference; lastKnownFileType = sourcecode.swift; path = ChatView.swift; sourceTree = "<group>"; };
		236820C527B441B800C79EAC /* MyPageProfileTableViewCell.swift */ = {isa = PBXFileReference; lastKnownFileType = sourcecode.swift; path = MyPageProfileTableViewCell.swift; sourceTree = "<group>"; };
		236820C927B4579500C79EAC /* SearchHobbyView.swift */ = {isa = PBXFileReference; lastKnownFileType = sourcecode.swift; path = SearchHobbyView.swift; sourceTree = "<group>"; };
		236820CB27B457A400C79EAC /* SearchHobbyViewController.swift */ = {isa = PBXFileReference; lastKnownFileType = sourcecode.swift; path = SearchHobbyViewController.swift; sourceTree = "<group>"; };
		236820CE27B4582600C79EAC /* HomeText.swift */ = {isa = PBXFileReference; lastKnownFileType = sourcecode.swift; path = HomeText.swift; sourceTree = "<group>"; };
		236820D027B460D800C79EAC /* QueueViewModel.swift */ = {isa = PBXFileReference; lastKnownFileType = sourcecode.swift; path = QueueViewModel.swift; sourceTree = "<group>"; };
		236820D227B4659200C79EAC /* Friends.swift */ = {isa = PBXFileReference; lastKnownFileType = sourcecode.swift; path = Friends.swift; sourceTree = "<group>"; };
		236820D427B47C4C00C79EAC /* QueueService.swift */ = {isa = PBXFileReference; lastKnownFileType = sourcecode.swift; path = QueueService.swift; sourceTree = "<group>"; };
		236BE66D27BE6009008E4040 /* Coordinator.swift */ = {isa = PBXFileReference; lastKnownFileType = sourcecode.swift; path = Coordinator.swift; sourceTree = "<group>"; };
		236BE66F27BE6033008E4040 /* MainCoordinator.swift */ = {isa = PBXFileReference; lastKnownFileType = sourcecode.swift; path = MainCoordinator.swift; sourceTree = "<group>"; };
		236BE67127BE6057008E4040 /* TabBarCoordinator.swift */ = {isa = PBXFileReference; lastKnownFileType = sourcecode.swift; path = TabBarCoordinator.swift; sourceTree = "<group>"; };
		236BE67327BE6089008E4040 /* HomeCoordinator.swift */ = {isa = PBXFileReference; lastKnownFileType = sourcecode.swift; path = HomeCoordinator.swift; sourceTree = "<group>"; };
		236BE67527BE60B7008E4040 /* FriendsCoordinator.swift */ = {isa = PBXFileReference; lastKnownFileType = sourcecode.swift; path = FriendsCoordinator.swift; sourceTree = "<group>"; };
		236BE67727BE60C5008E4040 /* ShopCoordinator.swift */ = {isa = PBXFileReference; lastKnownFileType = sourcecode.swift; path = ShopCoordinator.swift; sourceTree = "<group>"; };
		236BE67927BE60EC008E4040 /* MyPageCoordinator.swift */ = {isa = PBXFileReference; lastKnownFileType = sourcecode.swift; path = MyPageCoordinator.swift; sourceTree = "<group>"; };
		236BE67B27BE6135008E4040 /* AuthCoordinator.swift */ = {isa = PBXFileReference; lastKnownFileType = sourcecode.swift; path = AuthCoordinator.swift; sourceTree = "<group>"; };
		237B9F0D27A262BD008A6E06 /* MyPageViewCell.swift */ = {isa = PBXFileReference; lastKnownFileType = sourcecode.swift; path = MyPageViewCell.swift; sourceTree = "<group>"; };
		237B9F1127A2AA13008A6E06 /* PushCoordinator.swift */ = {isa = PBXFileReference; lastKnownFileType = sourcecode.swift; path = PushCoordinator.swift; sourceTree = "<group>"; };
		237B9F1327A35232008A6E06 /* FriendsViewController.swift */ = {isa = PBXFileReference; lastKnownFileType = sourcecode.swift; path = FriendsViewController.swift; sourceTree = "<group>"; };
		237B9F1527A35237008A6E06 /* HomeViewController.swift */ = {isa = PBXFileReference; lastKnownFileType = sourcecode.swift; path = HomeViewController.swift; sourceTree = "<group>"; };
		237B9F1727A35239008A6E06 /* ShopViewController.swift */ = {isa = PBXFileReference; lastKnownFileType = sourcecode.swift; path = ShopViewController.swift; sourceTree = "<group>"; };
		237B9F1927A3DC16008A6E06 /* ProfileDetailView.swift */ = {isa = PBXFileReference; lastKnownFileType = sourcecode.swift; path = ProfileDetailView.swift; sourceTree = "<group>"; };
		237B9F1B27A3FB3F008A6E06 /* ProfileViewController.swift */ = {isa = PBXFileReference; lastKnownFileType = sourcecode.swift; path = ProfileViewController.swift; sourceTree = "<group>"; };
		237B9F1F27A53F8A008A6E06 /* QueueAPIService.swift */ = {isa = PBXFileReference; lastKnownFileType = sourcecode.swift; path = QueueAPIService.swift; sourceTree = "<group>"; };
		238983C727D223A700033AE2 /* FriendCardTableViewCell.swift */ = {isa = PBXFileReference; lastKnownFileType = sourcecode.swift; path = FriendCardTableViewCell.swift; sourceTree = "<group>"; };
		238983CA27D54AF700033AE2 /* RequsetAcceptViewController.swift */ = {isa = PBXFileReference; lastKnownFileType = sourcecode.swift; path = RequsetAcceptViewController.swift; sourceTree = "<group>"; };
		2389E1AC27967A3A00BE68E3 /* SeSacFriends.entitlements */ = {isa = PBXFileReference; lastKnownFileType = text.plist.entitlements; path = SeSacFriends.entitlements; sourceTree = "<group>"; };
		2389E1AF27967B1200BE68E3 /* MainViewController.swift */ = {isa = PBXFileReference; lastKnownFileType = sourcecode.swift; path = MainViewController.swift; sourceTree = "<group>"; };
		2389E1B127967B9900BE68E3 /* UIColor+Extension.swift */ = {isa = PBXFileReference; lastKnownFileType = sourcecode.swift; path = "UIColor+Extension.swift"; sourceTree = "<group>"; };
		2389E1C0279685A200BE68E3 /* NotoSansCJKkr-Regular.otf */ = {isa = PBXFileReference; lastKnownFileType = file; path = "NotoSansCJKkr-Regular.otf"; sourceTree = "<group>"; };
		2389E1C2279685CA00BE68E3 /* NotoSansCJKkr-Medium.otf */ = {isa = PBXFileReference; lastKnownFileType = file; path = "NotoSansCJKkr-Medium.otf"; sourceTree = "<group>"; };
		2389E1C32796862A00BE68E3 /* UIFont+Extension.swift */ = {isa = PBXFileReference; lastKnownFileType = sourcecode.swift; path = "UIFont+Extension.swift"; sourceTree = "<group>"; };
		2389E1C7279697E200BE68E3 /* UITextField+Extension.swift */ = {isa = PBXFileReference; lastKnownFileType = sourcecode.swift; path = "UITextField+Extension.swift"; sourceTree = "<group>"; };
		2389E1D22796A29F00BE68E3 /* AuthViewModel.swift */ = {isa = PBXFileReference; lastKnownFileType = sourcecode.swift; path = AuthViewModel.swift; sourceTree = "<group>"; };
		2389E1D42796A2AD00BE68E3 /* AuthAPIService.swift */ = {isa = PBXFileReference; lastKnownFileType = sourcecode.swift; path = AuthAPIService.swift; sourceTree = "<group>"; };
		2389E1D62796A31800BE68E3 /* BaseViewController.swift */ = {isa = PBXFileReference; lastKnownFileType = sourcecode.swift; path = BaseViewController.swift; sourceTree = "<group>"; };
		2389E1DA2796B6FF00BE68E3 /* UserDefaults+Extension.swift */ = {isa = PBXFileReference; lastKnownFileType = sourcecode.swift; path = "UserDefaults+Extension.swift"; sourceTree = "<group>"; };
		2389E1DD2796D8C800BE68E3 /* AuthVerificationCodeViewController.swift */ = {isa = PBXFileReference; lastKnownFileType = sourcecode.swift; path = AuthVerificationCodeViewController.swift; sourceTree = "<group>"; };
		23996029279656EB001C8EA4 /* SeSacFriends.app */ = {isa = PBXFileReference; explicitFileType = wrapper.application; includeInIndex = 0; path = SeSacFriends.app; sourceTree = BUILT_PRODUCTS_DIR; };
		2399602C279656EB001C8EA4 /* AppDelegate.swift */ = {isa = PBXFileReference; lastKnownFileType = sourcecode.swift; path = AppDelegate.swift; sourceTree = "<group>"; };
		2399602E279656EB001C8EA4 /* SceneDelegate.swift */ = {isa = PBXFileReference; lastKnownFileType = sourcecode.swift; path = SceneDelegate.swift; sourceTree = "<group>"; };
		23996035279656EC001C8EA4 /* Assets.xcassets */ = {isa = PBXFileReference; lastKnownFileType = folder.assetcatalog; path = Assets.xcassets; sourceTree = "<group>"; };
		23996038279656EC001C8EA4 /* Base */ = {isa = PBXFileReference; lastKnownFileType = file.storyboard; name = Base; path = Base.lproj/LaunchScreen.storyboard; sourceTree = "<group>"; };
		2399603A279656EC001C8EA4 /* Info.plist */ = {isa = PBXFileReference; lastKnownFileType = text.plist.xml; path = Info.plist; sourceTree = "<group>"; };
		239960402796572C001C8EA4 /* String+Extension.swift */ = {isa = PBXFileReference; lastKnownFileType = sourcecode.swift; path = "String+Extension.swift"; sourceTree = "<group>"; };
		2399604227965741001C8EA4 /* AuthView.swift */ = {isa = PBXFileReference; lastKnownFileType = sourcecode.swift; path = AuthView.swift; sourceTree = "<group>"; };
		2399604427965760001C8EA4 /* AuthViewController.swift */ = {isa = PBXFileReference; lastKnownFileType = sourcecode.swift; path = AuthViewController.swift; sourceTree = "<group>"; };
		23A851AA27C8C834005FFC7F /* VerificationCoordinator.swift */ = {isa = PBXFileReference; lastKnownFileType = sourcecode.swift; path = VerificationCoordinator.swift; sourceTree = "<group>"; };
		23A851AE27CB8867005FFC7F /* FindViewModel.swift */ = {isa = PBXFileReference; lastKnownFileType = sourcecode.swift; path = FindViewModel.swift; sourceTree = "<group>"; };
		23A851B027CB9433005FFC7F /* ChattingViewController.swift */ = {isa = PBXFileReference; lastKnownFileType = sourcecode.swift; path = ChattingViewController.swift; sourceTree = "<group>"; };
		23ADC13B27AAFA9700101C43 /* UserTitleText.swift */ = {isa = PBXFileReference; lastKnownFileType = sourcecode.swift; path = UserTitleText.swift; sourceTree = "<group>"; };
		23ADC13F27AB03BB00101C43 /* TitleTableViewCell.swift */ = {isa = PBXFileReference; lastKnownFileType = sourcecode.swift; path = TitleTableViewCell.swift; sourceTree = "<group>"; };
		23ADC14127AB1F3F00101C43 /* ReviewTableViewCell.swift */ = {isa = PBXFileReference; lastKnownFileType = sourcecode.swift; path = ReviewTableViewCell.swift; sourceTree = "<group>"; };
		23ADC14327AB2EED00101C43 /* ProfileView.swift */ = {isa = PBXFileReference; lastKnownFileType = sourcecode.swift; path = ProfileView.swift; sourceTree = "<group>"; };
		23AF965227A19B210078A204 /* MainTabBarController.swift */ = {isa = PBXFileReference; lastKnownFileType = sourcecode.swift; path = MainTabBarController.swift; sourceTree = "<group>"; };
		23AF965427A19BEC0078A204 /* MyPageViewController.swift */ = {isa = PBXFileReference; lastKnownFileType = sourcecode.swift; path = MyPageViewController.swift; sourceTree = "<group>"; };
		23AF965827A1A0470078A204 /* TabBarText.swift */ = {isa = PBXFileReference; lastKnownFileType = sourcecode.swift; path = TabBarText.swift; sourceTree = "<group>"; };
		23B7A36227C34EDF00B9CED3 /* SignUpCoordinator.swift */ = {isa = PBXFileReference; lastKnownFileType = sourcecode.swift; path = SignUpCoordinator.swift; sourceTree = "<group>"; };
		23B7A36427C476FE00B9CED3 /* FriendsListView.swift */ = {isa = PBXFileReference; lastKnownFileType = sourcecode.swift; path = FriendsListView.swift; sourceTree = "<group>"; };
		23BE83ED27B705ED00416C6E /* GeneralAPIComponents.swift */ = {isa = PBXFileReference; lastKnownFileType = sourcecode.swift; path = GeneralAPIComponents.swift; sourceTree = "<group>"; };
		23BE83EF27B70F4700416C6E /* QueueRequest.swift */ = {isa = PBXFileReference; lastKnownFileType = sourcecode.swift; path = QueueRequest.swift; sourceTree = "<group>"; };
		23BE83F127B724C000416C6E /* ResponseData.swift */ = {isa = PBXFileReference; lastKnownFileType = sourcecode.swift; path = ResponseData.swift; sourceTree = "<group>"; };
		23BE83F327B7AC9C00416C6E /* UserService.swift */ = {isa = PBXFileReference; lastKnownFileType = sourcecode.swift; path = UserService.swift; sourceTree = "<group>"; };
		23BE83F527B7AE4600416C6E /* UserRequest.swift */ = {isa = PBXFileReference; lastKnownFileType = sourcecode.swift; path = UserRequest.swift; sourceTree = "<group>"; };
		23C97FC427ADC36A0087A239 /* AlertView.swift */ = {isa = PBXFileReference; lastKnownFileType = sourcecode.swift; path = AlertView.swift; sourceTree = "<group>"; };
		23CC363927BC68CC005FE3F0 /* MyQueueState.swift */ = {isa = PBXFileReference; lastKnownFileType = sourcecode.swift; path = MyQueueState.swift; sourceTree = "<group>"; };
		23CC363B27BC6D4F005FE3F0 /* NearByViewController.swift */ = {isa = PBXFileReference; lastKnownFileType = sourcecode.swift; path = NearByViewController.swift; sourceTree = "<group>"; };
		23CC363D27BC6DA0005FE3F0 /* ReceivedViewController.swift */ = {isa = PBXFileReference; lastKnownFileType = sourcecode.swift; path = ReceivedViewController.swift; sourceTree = "<group>"; };
		23CC363F27BC9953005FE3F0 /* CollectionHeaderView.swift */ = {isa = PBXFileReference; lastKnownFileType = sourcecode.swift; path = CollectionHeaderView.swift; sourceTree = "<group>"; };
		23CC364127BCA9D7005FE3F0 /* NetworkMonitor.swift */ = {isa = PBXFileReference; lastKnownFileType = sourcecode.swift; path = NetworkMonitor.swift; sourceTree = "<group>"; };
		2A124371AB832A99FA8DE1C1 /* Pods-SeSacFriends.release.xcconfig */ = {isa = PBXFileReference; includeInIndex = 1; lastKnownFileType = text.xcconfig; name = "Pods-SeSacFriends.release.xcconfig"; path = "Target Support Files/Pods-SeSacFriends/Pods-SeSacFriends.release.xcconfig"; sourceTree = "<group>"; };
		2E6F0FA978ABC44499D16217 /* Pods-SeSacFriends.debug.xcconfig */ = {isa = PBXFileReference; includeInIndex = 1; lastKnownFileType = text.xcconfig; name = "Pods-SeSacFriends.debug.xcconfig"; path = "Target Support Files/Pods-SeSacFriends/Pods-SeSacFriends.debug.xcconfig"; sourceTree = "<group>"; };
		9567CF4BC81C9EA3D52C0EEB /* Pods_SeSacFriends.framework */ = {isa = PBXFileReference; explicitFileType = wrapper.framework; includeInIndex = 0; path = Pods_SeSacFriends.framework; sourceTree = BUILT_PRODUCTS_DIR; };
/* End PBXFileReference section */

/* Begin PBXFrameworksBuildPhase section */
		23996026279656EB001C8EA4 /* Frameworks */ = {
			isa = PBXFrameworksBuildPhase;
			buildActionMask = 2147483647;
			files = (
				5C93FDF7CAC2E24622416FBC /* Pods_SeSacFriends.framework in Frameworks */,
			);
			runOnlyForDeploymentPostprocessing = 0;
		};
/* End PBXFrameworksBuildPhase section */

/* Begin PBXGroup section */
		232FCFFB27B1022F00A2558C /* Home */ = {
			isa = PBXGroup;
			children = (
				23BE83EA27B6F99E00416C6E /* Home(Map) */,
				236820CD27B457AE00C79EAC /* Search */,
				23439AE727BB29ED00F79318 /* Find */,
			);
			path = Home;
			sourceTree = "<group>";
		};
		23335720279DF8AC0062A9E8 /* CustomView */ = {
			isa = PBXGroup;
			children = (
				2333571C279DED330062A9E8 /* BirthTextFieldView.swift */,
				2333571E279DF89E0062A9E8 /* genderBoxView.swift */,
				2323AEAF27A5BDDB00895CC7 /* RangeSlider.swift */,
				2323AEB327A6CE0600895CC7 /* RangeSliderTrackLayer.swift */,
				23C97FC427ADC36A0087A239 /* AlertView.swift */,
			);
			path = CustomView;
			sourceTree = "<group>";
		};
		2333573027A09EF70062A9E8 /* MyPage */ = {
			isa = PBXGroup;
			children = (
				23BE83EB27B6F9BA00416C6E /* MyPage */,
				23ADC14527AB746100101C43 /* Profile */,
			);
			path = MyPage;
			sourceTree = "<group>";
		};
		233D799127B8DF2600BA0671 /* Shop */ = {
			isa = PBXGroup;
			children = (
				237B9F1727A35239008A6E06 /* ShopViewController.swift */,
			);
			path = Shop;
			sourceTree = "<group>";
		};
		233D799227B8DF3600BA0671 /* Friends */ = {
			isa = PBXGroup;
			children = (
				237B9F1327A35232008A6E06 /* FriendsViewController.swift */,
			);
			path = Friends;
			sourceTree = "<group>";
		};
		233D799327B8DF4300BA0671 /* TabBar */ = {
			isa = PBXGroup;
			children = (
				2389E1AF27967B1200BE68E3 /* MainViewController.swift */,
				2333573127A09FCE0062A9E8 /* MainView.swift */,
				23AF965227A19B210078A204 /* MainTabBarController.swift */,
			);
			path = TabBar;
			sourceTree = "<group>";
		};
		23439AE727BB29ED00F79318 /* Find */ = {
			isa = PBXGroup;
			children = (
				23439AE827BB2A0900F79318 /* FindViewController.swift */,
				23A851AE27CB8867005FFC7F /* FindViewModel.swift */,
				23CC363B27BC6D4F005FE3F0 /* NearByViewController.swift */,
				238983C927D54A4D00033AE2 /* FriendsListView */,
				23CC363D27BC6DA0005FE3F0 /* ReceivedViewController.swift */,
				23439AEA27BB2A0F00F79318 /* FindView.swift */,
				238983CA27D54AF700033AE2 /* RequsetAcceptViewController.swift */,
			);
			path = Find;
			sourceTree = "<group>";
		};
		234CEBFF2799F75500983E20 /* Onboarding */ = {
			isa = PBXGroup;
			children = (
				234CEC002799F76B00983E20 /* OnboardingCardView.swift */,
				234CEC08279AAD3A00983E20 /* OnboardingCardViewController.swift */,
				234CEC16279B39AC00983E20 /* OnboardingViewController.swift */,
				234CEC14279B247800983E20 /* OnboardingView.swift */,
				234CEC0C279AF61500983E20 /* PageViewController.swift */,
				234CEC022799F7F600983E20 /* OnboardingImages.swift */,
			);
			path = Onboarding;
			sourceTree = "<group>";
		};
		234CEC1E279C728300983E20 /* Text */ = {
			isa = PBXGroup;
			children = (
				234CEC1A279C51C700983E20 /* Text.swift */,
				234CEC1F279C729800983E20 /* AssetsText.swift */,
				2308B0252799DEBF004145E2 /* ToastMessage.swift */,
				23AF965827A1A0470078A204 /* TabBarText.swift */,
				2323AEAD27A557CA00895CC7 /* ProfileCardText.swift */,
				23ADC13B27AAFA9700101C43 /* UserTitleText.swift */,
				232FCFF727B0C10600A2558C /* AlertText.swift */,
				236820CE27B4582600C79EAC /* HomeText.swift */,
			);
			path = Text;
			sourceTree = "<group>";
		};
		234CEC23279C82AD00983E20 /* Base */ = {
			isa = PBXGroup;
			children = (
				234CEC042799FAC300983E20 /* BaseUIView.swift */,
				2389E1D62796A31800BE68E3 /* BaseViewController.swift */,
				237B9F1127A2AA13008A6E06 /* PushCoordinator.swift */,
			);
			path = Base;
			sourceTree = "<group>";
		};
		234CEC24279C82F000983E20 /* SignUp */ = {
			isa = PBXGroup;
			children = (
				234CEC38279C9CEA00983E20 /* GenderViewController.swift */,
				234CEC3A279C9D0B00983E20 /* GenderView.swift */,
				234CEC31279C95FF00983E20 /* SetEmailView.swift */,
				234CEC18279C512600983E20 /* SignUpNicknameView.swift */,
				234CEC21279C827F00983E20 /* SignUpNicknameViewController.swift */,
				234CEC33279C971F00983E20 /* EmailViewController.swift */,
				234CEC27279C859300983E20 /* SignUpViewModel.swift */,
				234CEC29279C863900983E20 /* BirthView.swift */,
				234CEC2B279C863F00983E20 /* BirthViewController.swift */,
				234CEC1C279C61F700983E20 /* NicknameView.swift */,
			);
			path = SignUp;
			sourceTree = "<group>";
		};
		234CEC25279C830E00983E20 /* Support */ = {
			isa = PBXGroup;
			children = (
				2399602C279656EB001C8EA4 /* AppDelegate.swift */,
				2399602E279656EB001C8EA4 /* SceneDelegate.swift */,
				23CC364127BCA9D7005FE3F0 /* NetworkMonitor.swift */,
			);
			path = Support;
			sourceTree = "<group>";
		};
		234CEC26279C835500983E20 /* Main */ = {
			isa = PBXGroup;
			children = (
				233D799327B8DF4300BA0671 /* TabBar */,
				2333573027A09EF70062A9E8 /* MyPage */,
				233D799227B8DF3600BA0671 /* Friends */,
				233D799127B8DF2600BA0671 /* Shop */,
				232FCFFB27B1022F00A2558C /* Home */,
				23C41EA627CE8B5700922A56 /* Chat */,
			);
			path = Main;
			sourceTree = "<group>";
		};
		236820CD27B457AE00C79EAC /* Search */ = {
			isa = PBXGroup;
			children = (
				236820C927B4579500C79EAC /* SearchHobbyView.swift */,
				236820CB27B457A400C79EAC /* SearchHobbyViewController.swift */,
				236820D027B460D800C79EAC /* QueueViewModel.swift */,
				23CC363F27BC9953005FE3F0 /* CollectionHeaderView.swift */,
			);
			path = Search;
			sourceTree = "<group>";
		};
		236BE66A27BE5F90008E4040 /* View */ = {
			isa = PBXGroup;
			children = (
				234CEBFF2799F75500983E20 /* Onboarding */,
				23CC363727BC6781005FE3F0 /* Auth */,
				234CEC26279C835500983E20 /* Main */,
			);
			path = View;
			sourceTree = "<group>";
		};
		236BE66B27BE5FA1008E4040 /* Util */ = {
			isa = PBXGroup;
			children = (
				236BE66C27BE5FF4008E4040 /* Coordinator */,
				2389E1C1279685A800BE68E3 /* Fonts */,
				234CEC23279C82AD00983E20 /* Base */,
				234CEC1E279C728300983E20 /* Text */,
				2389E1C9279697E700BE68E3 /* Extension */,
				23BE83E727B6F0C500416C6E /* Model */,
				23335720279DF8AC0062A9E8 /* CustomView */,
			);
			path = Util;
			sourceTree = "<group>";
		};
		236BE66C27BE5FF4008E4040 /* Coordinator */ = {
			isa = PBXGroup;
			children = (
				236BE66D27BE6009008E4040 /* Coordinator.swift */,
				236BE66F27BE6033008E4040 /* MainCoordinator.swift */,
				23A851AC27CB781A005FFC7F /* TabBar */,
				23A851AD27CB782E005FFC7F /* Auth */,
			);
			path = Coordinator;
			sourceTree = "<group>";
		};
		238983C927D54A4D00033AE2 /* FriendsListView */ = {
			isa = PBXGroup;
			children = (
				23B7A36427C476FE00B9CED3 /* FriendsListView.swift */,
				238983C727D223A700033AE2 /* FriendCardTableViewCell.swift */,
			);
			path = FriendsListView;
			sourceTree = "<group>";
		};
		2389E1C1279685A800BE68E3 /* Fonts */ = {
			isa = PBXGroup;
			children = (
				2389E1C0279685A200BE68E3 /* NotoSansCJKkr-Regular.otf */,
				2389E1C2279685CA00BE68E3 /* NotoSansCJKkr-Medium.otf */,
			);
			path = Fonts;
			sourceTree = "<group>";
		};
		2389E1C9279697E700BE68E3 /* Extension */ = {
			isa = PBXGroup;
			children = (
				2389E1B127967B9900BE68E3 /* UIColor+Extension.swift */,
				2389E1C32796862A00BE68E3 /* UIFont+Extension.swift */,
				239960402796572C001C8EA4 /* String+Extension.swift */,
				23335726279FB5650062A9E8 /* Date+Extension.swift */,
				2389E1C7279697E200BE68E3 /* UITextField+Extension.swift */,
				2389E1DA2796B6FF00BE68E3 /* UserDefaults+Extension.swift */,
				234E5FA527987EE900F5D2BB /* UIButton+Extension.swift */,
				2308B0232799D83D004145E2 /* UIViewController+Extension.swift */,
				234CEC0A279AB3D500983E20 /* UIView+Extension.swift */,
			);
			path = Extension;
			sourceTree = "<group>";
		};
		2389E1CA279697F700BE68E3 /* Auth */ = {
			isa = PBXGroup;
			children = (
				2399604227965741001C8EA4 /* AuthView.swift */,
				234E5FA327978FE700F5D2BB /* AuthVerificationCodeView.swift */,
				2399604427965760001C8EA4 /* AuthViewController.swift */,
				2389E1DD2796D8C800BE68E3 /* AuthVerificationCodeViewController.swift */,
				2389E1D22796A29F00BE68E3 /* AuthViewModel.swift */,
			);
			path = Auth;
			sourceTree = "<group>";
		};
		2389E1DC2796C81800BE68E3 /* APIService */ = {
			isa = PBXGroup;
			children = (
				23CC363827BC6797005FE3F0 /* URLSession */,
				23BE83F727B7AFE400416C6E /* User */,
				23BE83F827B7AFEE00416C6E /* Queue */,
				23BE83ED27B705ED00416C6E /* GeneralAPIComponents.swift */,
				23BE83F127B724C000416C6E /* ResponseData.swift */,
			);
			path = APIService;
			sourceTree = "<group>";
		};
		23996020279656EB001C8EA4 = {
			isa = PBXGroup;
			children = (
				2399602B279656EB001C8EA4 /* SeSacFriends */,
				2399602A279656EB001C8EA4 /* Products */,
				8B8E1CDF8DC589E54C103147 /* Pods */,
				811D8BB137963E8F8764C7F7 /* Frameworks */,
			);
			sourceTree = "<group>";
		};
		2399602A279656EB001C8EA4 /* Products */ = {
			isa = PBXGroup;
			children = (
				23996029279656EB001C8EA4 /* SeSacFriends.app */,
			);
			name = Products;
			sourceTree = "<group>";
		};
		2399602B279656EB001C8EA4 /* SeSacFriends */ = {
			isa = PBXGroup;
			children = (
				234E5FA927988F8D00F5D2BB /* GoogleService-Info.plist */,
				2389E1AC27967A3A00BE68E3 /* SeSacFriends.entitlements */,
				234CEC25279C830E00983E20 /* Support */,
				2389E1DC2796C81800BE68E3 /* APIService */,
				236BE66B27BE5FA1008E4040 /* Util */,
				236BE66A27BE5F90008E4040 /* View */,
				23996035279656EC001C8EA4 /* Assets.xcassets */,
				23996037279656EC001C8EA4 /* LaunchScreen.storyboard */,
				2399603A279656EC001C8EA4 /* Info.plist */,
			);
			path = SeSacFriends;
			sourceTree = "<group>";
		};
		23A851AC27CB781A005FFC7F /* TabBar */ = {
			isa = PBXGroup;
			children = (
				236BE67127BE6057008E4040 /* TabBarCoordinator.swift */,
				236BE67727BE60C5008E4040 /* ShopCoordinator.swift */,
				236BE67527BE60B7008E4040 /* FriendsCoordinator.swift */,
				236BE67327BE6089008E4040 /* HomeCoordinator.swift */,
				236BE67927BE60EC008E4040 /* MyPageCoordinator.swift */,
			);
			path = TabBar;
			sourceTree = "<group>";
		};
		23A851AD27CB782E005FFC7F /* Auth */ = {
			isa = PBXGroup;
			children = (
				236BE67B27BE6135008E4040 /* AuthCoordinator.swift */,
				23A851AA27C8C834005FFC7F /* VerificationCoordinator.swift */,
				23B7A36227C34EDF00B9CED3 /* SignUpCoordinator.swift */,
			);
			path = Auth;
			sourceTree = "<group>";
		};
		23ADC14527AB746100101C43 /* Profile */ = {
			isa = PBXGroup;
			children = (
				237B9F1B27A3FB3F008A6E06 /* ProfileViewController.swift */,
				23ADC14827AC299C00101C43 /* View */,
				23ADC14627AB748200101C43 /* Cell */,
				234DC38D27AD9B5A00132A36 /* ProfileViewModel.swift */,
				232FCFF527B0B2CF00A2558C /* withdrawalViewController.swift */,
			);
			path = Profile;
			sourceTree = "<group>";
		};
		23ADC14627AB748200101C43 /* Cell */ = {
			isa = PBXGroup;
			children = (
				2323AEBD27A71F7300895CC7 /* TitleCollectionViewCell.swift */,
				233D799E27B9E08D00BA0671 /* RecommendCollectionViewCell.swift */,
				233D799827B9ADAA00BA0671 /* TitleWithXCollectionViewCell.swift */,
				23ADC14127AB1F3F00101C43 /* ReviewTableViewCell.swift */,
				2323AEB927A7048C00895CC7 /* NameTableViewCell.swift */,
				23ADC13F27AB03BB00101C43 /* TitleTableViewCell.swift */,
				233D799C27B9B50100BA0671 /* HobbyTableViewCell.swift */,
			);
			path = Cell;
			sourceTree = "<group>";
		};
		23ADC14827AC299C00101C43 /* View */ = {
			isa = PBXGroup;
			children = (
				237B9F1927A3DC16008A6E06 /* ProfileDetailView.swift */,
				23ADC14327AB2EED00101C43 /* ProfileView.swift */,
				2323AEB727A6F53D00895CC7 /* ProfileHeaderView.swift */,
				2323AEB527A6F2E500895CC7 /* ProfileCardView.swift */,
			);
			path = View;
			sourceTree = "<group>";
		};
		23BE83E727B6F0C500416C6E /* Model */ = {
			isa = PBXGroup;
			children = (
				236820D227B4659200C79EAC /* Friends.swift */,
				2333571A279DC6AE0062A9E8 /* User.swift */,
				23CC363927BC68CC005FE3F0 /* MyQueueState.swift */,
			);
			path = Model;
			sourceTree = "<group>";
		};
		23BE83EA27B6F99E00416C6E /* Home(Map) */ = {
			isa = PBXGroup;
			children = (
				237B9F1527A35237008A6E06 /* HomeViewController.swift */,
				232FCFFC27B1034900A2558C /* HomeViewModel.swift */,
				232FCFF927B1022A00A2558C /* HomeView.swift */,
				233D799427B9272900BA0671 /* CustomPointAnnotation.swift */,
			);
			path = "Home(Map)";
			sourceTree = "<group>";
		};
		23BE83EB27B6F9BA00416C6E /* MyPage */ = {
			isa = PBXGroup;
			children = (
				23AF965427A19BEC0078A204 /* MyPageViewController.swift */,
				2333572E27A09EF20062A9E8 /* MyPageView.swift */,
				237B9F0D27A262BD008A6E06 /* MyPageViewCell.swift */,
				236820C527B441B800C79EAC /* MyPageProfileTableViewCell.swift */,
				23439AEC27BBA8BD00F79318 /* LeftAlignedCollectionViewFlowlayout.swift */,
			);
			path = MyPage;
			sourceTree = "<group>";
		};
		23BE83F727B7AFE400416C6E /* User */ = {
			isa = PBXGroup;
			children = (
				23335718279DB2A90062A9E8 /* UserAPIService.swift */,
				23BE83F327B7AC9C00416C6E /* UserService.swift */,
				23BE83F527B7AE4600416C6E /* UserRequest.swift */,
			);
			path = User;
			sourceTree = "<group>";
		};
		23BE83F827B7AFEE00416C6E /* Queue */ = {
			isa = PBXGroup;
			children = (
				237B9F1F27A53F8A008A6E06 /* QueueAPIService.swift */,
				236820D427B47C4C00C79EAC /* QueueService.swift */,
				23BE83EF27B70F4700416C6E /* QueueRequest.swift */,
			);
			path = Queue;
			sourceTree = "<group>";
		};
		23C41EA627CE8B5700922A56 /* Chat */ = {
			isa = PBXGroup;
			children = (
				23A851B027CB9433005FFC7F /* ChattingViewController.swift */,
				2359D73B27E1DB23008E24D0 /* ChatView.swift */,
			);
			path = Chat;
			sourceTree = "<group>";
		};
		23CC363727BC6781005FE3F0 /* Auth */ = {
			isa = PBXGroup;
			children = (
				2389E1CA279697F700BE68E3 /* Auth */,
				234CEC24279C82F000983E20 /* SignUp */,
			);
			path = Auth;
			sourceTree = "<group>";
		};
		23CC363827BC6797005FE3F0 /* URLSession */ = {
			isa = PBXGroup;
			children = (
				23335716279D580D0062A9E8 /* Endpoint.swift */,
				2389E1D42796A2AD00BE68E3 /* AuthAPIService.swift */,
				2333572C27A08D630062A9E8 /* APIErrorMessage.swift */,
			);
			path = URLSession;
			sourceTree = "<group>";
		};
		811D8BB137963E8F8764C7F7 /* Frameworks */ = {
			isa = PBXGroup;
			children = (
				9567CF4BC81C9EA3D52C0EEB /* Pods_SeSacFriends.framework */,
			);
			name = Frameworks;
			sourceTree = "<group>";
		};
		8B8E1CDF8DC589E54C103147 /* Pods */ = {
			isa = PBXGroup;
			children = (
				2E6F0FA978ABC44499D16217 /* Pods-SeSacFriends.debug.xcconfig */,
				2A124371AB832A99FA8DE1C1 /* Pods-SeSacFriends.release.xcconfig */,
			);
			path = Pods;
			sourceTree = "<group>";
		};
/* End PBXGroup section */

/* Begin PBXNativeTarget section */
		23996028279656EB001C8EA4 /* SeSacFriends */ = {
			isa = PBXNativeTarget;
			buildConfigurationList = 2399603D279656EC001C8EA4 /* Build configuration list for PBXNativeTarget "SeSacFriends" */;
			buildPhases = (
				E712E9AEAE95DF9AA87682CA /* [CP] Check Pods Manifest.lock */,
				23996025279656EB001C8EA4 /* Sources */,
				23996026279656EB001C8EA4 /* Frameworks */,
				23996027279656EB001C8EA4 /* Resources */,
				46DC7107B6C893FE4CAD7B21 /* [CP] Embed Pods Frameworks */,
			);
			buildRules = (
			);
			dependencies = (
			);
			name = SeSacFriends;
			productName = SeSacFriends;
			productReference = 23996029279656EB001C8EA4 /* SeSacFriends.app */;
			productType = "com.apple.product-type.application";
		};
/* End PBXNativeTarget section */

/* Begin PBXProject section */
		23996021279656EB001C8EA4 /* Project object */ = {
			isa = PBXProject;
			attributes = {
				BuildIndependentTargetsInParallel = 1;
				LastSwiftUpdateCheck = 1310;
				LastUpgradeCheck = 1310;
				TargetAttributes = {
					23996028279656EB001C8EA4 = {
						CreatedOnToolsVersion = 13.1;
					};
				};
			};
			buildConfigurationList = 23996024279656EB001C8EA4 /* Build configuration list for PBXProject "SeSacFriends" */;
			compatibilityVersion = "Xcode 13.0";
			developmentRegion = en;
			hasScannedForEncodings = 0;
			knownRegions = (
				en,
				Base,
			);
			mainGroup = 23996020279656EB001C8EA4;
			productRefGroup = 2399602A279656EB001C8EA4 /* Products */;
			projectDirPath = "";
			projectRoot = "";
			targets = (
				23996028279656EB001C8EA4 /* SeSacFriends */,
			);
		};
/* End PBXProject section */

/* Begin PBXResourcesBuildPhase section */
		23996027279656EB001C8EA4 /* Resources */ = {
			isa = PBXResourcesBuildPhase;
			buildActionMask = 2147483647;
			files = (
				23996039279656EC001C8EA4 /* LaunchScreen.storyboard in Resources */,
				2389E1C6279686F900BE68E3 /* NotoSansCJKkr-Regular.otf in Resources */,
				23996036279656EC001C8EA4 /* Assets.xcassets in Resources */,
				2389E1C5279686F700BE68E3 /* NotoSansCJKkr-Medium.otf in Resources */,
				234E5FAA27988F8D00F5D2BB /* GoogleService-Info.plist in Resources */,
			);
			runOnlyForDeploymentPostprocessing = 0;
		};
/* End PBXResourcesBuildPhase section */

/* Begin PBXShellScriptBuildPhase section */
		46DC7107B6C893FE4CAD7B21 /* [CP] Embed Pods Frameworks */ = {
			isa = PBXShellScriptBuildPhase;
			buildActionMask = 2147483647;
			files = (
			);
			inputFileListPaths = (
				"${PODS_ROOT}/Target Support Files/Pods-SeSacFriends/Pods-SeSacFriends-frameworks-${CONFIGURATION}-input-files.xcfilelist",
			);
			name = "[CP] Embed Pods Frameworks";
			outputFileListPaths = (
				"${PODS_ROOT}/Target Support Files/Pods-SeSacFriends/Pods-SeSacFriends-frameworks-${CONFIGURATION}-output-files.xcfilelist",
			);
			runOnlyForDeploymentPostprocessing = 0;
			shellPath = /bin/sh;
			shellScript = "\"${PODS_ROOT}/Target Support Files/Pods-SeSacFriends/Pods-SeSacFriends-frameworks.sh\"\n";
			showEnvVarsInLog = 0;
		};
		E712E9AEAE95DF9AA87682CA /* [CP] Check Pods Manifest.lock */ = {
			isa = PBXShellScriptBuildPhase;
			buildActionMask = 2147483647;
			files = (
			);
			inputFileListPaths = (
			);
			inputPaths = (
				"${PODS_PODFILE_DIR_PATH}/Podfile.lock",
				"${PODS_ROOT}/Manifest.lock",
			);
			name = "[CP] Check Pods Manifest.lock";
			outputFileListPaths = (
			);
			outputPaths = (
				"$(DERIVED_FILE_DIR)/Pods-SeSacFriends-checkManifestLockResult.txt",
			);
			runOnlyForDeploymentPostprocessing = 0;
			shellPath = /bin/sh;
			shellScript = "diff \"${PODS_PODFILE_DIR_PATH}/Podfile.lock\" \"${PODS_ROOT}/Manifest.lock\" > /dev/null\nif [ $? != 0 ] ; then\n    # print error to STDERR\n    echo \"error: The sandbox is not in sync with the Podfile.lock. Run 'pod install' or update your CocoaPods installation.\" >&2\n    exit 1\nfi\n# This output is used by Xcode 'outputs' to avoid re-running this script phase.\necho \"SUCCESS\" > \"${SCRIPT_OUTPUT_FILE_0}\"\n";
			showEnvVarsInLog = 0;
		};
/* End PBXShellScriptBuildPhase section */

/* Begin PBXSourcesBuildPhase section */
		23996025279656EB001C8EA4 /* Sources */ = {
			isa = PBXSourcesBuildPhase;
			buildActionMask = 2147483647;
			files = (
				234CEC1D279C61F700983E20 /* NicknameView.swift in Sources */,
				23C97FC527ADC36A0087A239 /* AlertView.swift in Sources */,
				2359D73C27E1DB23008E24D0 /* ChatView.swift in Sources */,
				234CEC20279C729800983E20 /* AssetsText.swift in Sources */,
				236BE67A27BE60EC008E4040 /* MyPageCoordinator.swift in Sources */,
				2323AEBE27A71F7300895CC7 /* TitleCollectionViewCell.swift in Sources */,
				2308B0242799D83D004145E2 /* UIViewController+Extension.swift in Sources */,
				2389E1D72796A31800BE68E3 /* BaseViewController.swift in Sources */,
				2333572F27A09EF20062A9E8 /* MyPageView.swift in Sources */,
				23A851B127CB9433005FFC7F /* ChattingViewController.swift in Sources */,
				2323AEB627A6F2E500895CC7 /* ProfileCardView.swift in Sources */,
				23ADC14427AB2EED00101C43 /* ProfileView.swift in Sources */,
				236BE67627BE60B7008E4040 /* FriendsCoordinator.swift in Sources */,
				233D799527B9272900BA0671 /* CustomPointAnnotation.swift in Sources */,
				2389E1B027967B1200BE68E3 /* MainViewController.swift in Sources */,
				23ADC14027AB03BB00101C43 /* TitleTableViewCell.swift in Sources */,
				232FCFFD27B1034900A2558C /* HomeViewModel.swift in Sources */,
				2323AEAE27A557CA00895CC7 /* ProfileCardText.swift in Sources */,
				236820CF27B4582600C79EAC /* HomeText.swift in Sources */,
				23CC363C27BC6D4F005FE3F0 /* NearByViewController.swift in Sources */,
				234CEC32279C95FF00983E20 /* SetEmailView.swift in Sources */,
				23335719279DB2A90062A9E8 /* UserAPIService.swift in Sources */,
				232FCFFA27B1022A00A2558C /* HomeView.swift in Sources */,
				239960412796572C001C8EA4 /* String+Extension.swift in Sources */,
				233D799D27B9B50100BA0671 /* HobbyTableViewCell.swift in Sources */,
				236BE67427BE6089008E4040 /* HomeCoordinator.swift in Sources */,
				237B9F1227A2AA13008A6E06 /* PushCoordinator.swift in Sources */,
				236820CA27B4579500C79EAC /* SearchHobbyView.swift in Sources */,
				234E5FA627987EE900F5D2BB /* UIButton+Extension.swift in Sources */,
				23CC363A27BC68CC005FE3F0 /* MyQueueState.swift in Sources */,
				23BE83F227B724C000416C6E /* ResponseData.swift in Sources */,
				237B9F1A27A3DC16008A6E06 /* ProfileDetailView.swift in Sources */,
				2399604327965741001C8EA4 /* AuthView.swift in Sources */,
				238983CB27D54AF700033AE2 /* RequsetAcceptViewController.swift in Sources */,
				234CEC19279C512700983E20 /* SignUpNicknameView.swift in Sources */,
				2333572D27A08D630062A9E8 /* APIErrorMessage.swift in Sources */,
				2333571D279DED330062A9E8 /* BirthTextFieldView.swift in Sources */,
				234E5FA427978FE700F5D2BB /* AuthVerificationCodeView.swift in Sources */,
				2399604527965760001C8EA4 /* AuthViewController.swift in Sources */,
				2389E1DB2796B6FF00BE68E3 /* UserDefaults+Extension.swift in Sources */,
				234CEC34279C971F00983E20 /* EmailViewController.swift in Sources */,
				23AF965927A1A0470078A204 /* TabBarText.swift in Sources */,
				23CC364227BCA9D7005FE3F0 /* NetworkMonitor.swift in Sources */,
				234CEC17279B39AC00983E20 /* OnboardingViewController.swift in Sources */,
				2389E1C42796862A00BE68E3 /* UIFont+Extension.swift in Sources */,
				23ADC13C27AAFA9700101C43 /* UserTitleText.swift in Sources */,
				234CEC15279B247800983E20 /* OnboardingView.swift in Sources */,
				233D799927B9ADAA00BA0671 /* TitleWithXCollectionViewCell.swift in Sources */,
				234CEC032799F7F600983E20 /* OnboardingImages.swift in Sources */,
				23AF965527A19BEC0078A204 /* MyPageViewController.swift in Sources */,
				23BE83F027B70F4700416C6E /* QueueRequest.swift in Sources */,
				23CC364027BC9953005FE3F0 /* CollectionHeaderView.swift in Sources */,
				2389E1B227967B9900BE68E3 /* UIColor+Extension.swift in Sources */,
				2333571B279DC6AE0062A9E8 /* User.swift in Sources */,
				237B9F0E27A262BD008A6E06 /* MyPageViewCell.swift in Sources */,
				2323AEB827A6F53D00895CC7 /* ProfileHeaderView.swift in Sources */,
				233D799F27B9E08D00BA0671 /* RecommendCollectionViewCell.swift in Sources */,
				236820D327B4659200C79EAC /* Friends.swift in Sources */,
				2389E1DE2796D8C800BE68E3 /* AuthVerificationCodeViewController.swift in Sources */,
				23A851AF27CB8867005FFC7F /* FindViewModel.swift in Sources */,
				23439AEB27BB2A0F00F79318 /* FindView.swift in Sources */,
				234DC38E27AD9B5A00132A36 /* ProfileViewModel.swift in Sources */,
				237B9F1827A35239008A6E06 /* ShopViewController.swift in Sources */,
				2333573227A09FCE0062A9E8 /* MainView.swift in Sources */,
				232FCFF827B0C10600A2558C /* AlertText.swift in Sources */,
				23335727279FB5650062A9E8 /* Date+Extension.swift in Sources */,
				234CEC2C279C863F00983E20 /* BirthViewController.swift in Sources */,
				234CEC28279C859300983E20 /* SignUpViewModel.swift in Sources */,
				237B9F2027A53F8A008A6E06 /* QueueAPIService.swift in Sources */,
				234CEC012799F76B00983E20 /* OnboardingCardView.swift in Sources */,
				236820C627B441B800C79EAC /* MyPageProfileTableViewCell.swift in Sources */,
				236820D527B47C4C00C79EAC /* QueueService.swift in Sources */,
				236BE67827BE60C5008E4040 /* ShopCoordinator.swift in Sources */,
				236BE67C27BE6135008E4040 /* AuthCoordinator.swift in Sources */,
				2389E1D32796A29F00BE68E3 /* AuthViewModel.swift in Sources */,
				238983C827D223A700033AE2 /* FriendCardTableViewCell.swift in Sources */,
				236BE67227BE6057008E4040 /* TabBarCoordinator.swift in Sources */,
				23B7A36527C476FE00B9CED3 /* FriendsListView.swift in Sources */,
				2308B0262799DEBF004145E2 /* ToastMessage.swift in Sources */,
				232FCFF627B0B2CF00A2558C /* withdrawalViewController.swift in Sources */,
				2399602D279656EB001C8EA4 /* AppDelegate.swift in Sources */,
				234CEC09279AAD3A00983E20 /* OnboardingCardViewController.swift in Sources */,
				234CEC22279C827F00983E20 /* SignUpNicknameViewController.swift in Sources */,
				2399602F279656EB001C8EA4 /* SceneDelegate.swift in Sources */,
				234CEC2A279C863900983E20 /* BirthView.swift in Sources */,
				234CEC3B279C9D0B00983E20 /* GenderView.swift in Sources */,
				237B9F1427A35233008A6E06 /* FriendsViewController.swift in Sources */,
				23AF965327A19B210078A204 /* MainTabBarController.swift in Sources */,
				234CEC052799FAC300983E20 /* BaseUIView.swift in Sources */,
				23BE83F627B7AE4600416C6E /* UserRequest.swift in Sources */,
				2323AEB427A6CE0600895CC7 /* RangeSliderTrackLayer.swift in Sources */,
				2389E1D52796A2AD00BE68E3 /* AuthAPIService.swift in Sources */,
				23335717279D580D0062A9E8 /* Endpoint.swift in Sources */,
				236820CC27B457A400C79EAC /* SearchHobbyViewController.swift in Sources */,
				23A851AB27C8C834005FFC7F /* VerificationCoordinator.swift in Sources */,
				2323AEB027A5BDDB00895CC7 /* RangeSlider.swift in Sources */,
				237B9F1C27A3FB3F008A6E06 /* ProfileViewController.swift in Sources */,
				236BE67027BE6033008E4040 /* MainCoordinator.swift in Sources */,
				23439AE927BB2A0900F79318 /* FindViewController.swift in Sources */,
				234CEC0D279AF61500983E20 /* PageViewController.swift in Sources */,
				234CEC1B279C51C700983E20 /* Text.swift in Sources */,
				23CC363E27BC6DA0005FE3F0 /* ReceivedViewController.swift in Sources */,
				234CEC0B279AB3D500983E20 /* UIView+Extension.swift in Sources */,
				2323AEBA27A7048C00895CC7 /* NameTableViewCell.swift in Sources */,
				236BE66E27BE6009008E4040 /* Coordinator.swift in Sources */,
				236820D127B460D800C79EAC /* QueueViewModel.swift in Sources */,
				23BE83F427B7AC9C00416C6E /* UserService.swift in Sources */,
				23ADC14227AB1F3F00101C43 /* ReviewTableViewCell.swift in Sources */,
				23BE83EE27B705ED00416C6E /* GeneralAPIComponents.swift in Sources */,
				237B9F1627A35237008A6E06 /* HomeViewController.swift in Sources */,
				23439AED27BBA8BD00F79318 /* LeftAlignedCollectionViewFlowlayout.swift in Sources */,
				2389E1C8279697E200BE68E3 /* UITextField+Extension.swift in Sources */,
				234CEC39279C9CEA00983E20 /* GenderViewController.swift in Sources */,
				2333571F279DF89E0062A9E8 /* genderBoxView.swift in Sources */,
				23B7A36327C34EDF00B9CED3 /* SignUpCoordinator.swift in Sources */,
			);
			runOnlyForDeploymentPostprocessing = 0;
		};
/* End PBXSourcesBuildPhase section */

/* Begin PBXVariantGroup section */
		23996037279656EC001C8EA4 /* LaunchScreen.storyboard */ = {
			isa = PBXVariantGroup;
			children = (
				23996038279656EC001C8EA4 /* Base */,
			);
			name = LaunchScreen.storyboard;
			sourceTree = "<group>";
		};
/* End PBXVariantGroup section */

/* Begin XCBuildConfiguration section */
		2399603B279656EC001C8EA4 /* Debug */ = {
			isa = XCBuildConfiguration;
			buildSettings = {
				ALWAYS_SEARCH_USER_PATHS = NO;
				CLANG_ANALYZER_NONNULL = YES;
				CLANG_ANALYZER_NUMBER_OBJECT_CONVERSION = YES_AGGRESSIVE;
				CLANG_CXX_LANGUAGE_STANDARD = "gnu++17";
				CLANG_CXX_LIBRARY = "libc++";
				CLANG_ENABLE_MODULES = YES;
				CLANG_ENABLE_OBJC_ARC = YES;
				CLANG_ENABLE_OBJC_WEAK = YES;
				CLANG_WARN_BLOCK_CAPTURE_AUTORELEASING = YES;
				CLANG_WARN_BOOL_CONVERSION = YES;
				CLANG_WARN_COMMA = YES;
				CLANG_WARN_CONSTANT_CONVERSION = YES;
				CLANG_WARN_DEPRECATED_OBJC_IMPLEMENTATIONS = YES;
				CLANG_WARN_DIRECT_OBJC_ISA_USAGE = YES_ERROR;
				CLANG_WARN_DOCUMENTATION_COMMENTS = YES;
				CLANG_WARN_EMPTY_BODY = YES;
				CLANG_WARN_ENUM_CONVERSION = YES;
				CLANG_WARN_INFINITE_RECURSION = YES;
				CLANG_WARN_INT_CONVERSION = YES;
				CLANG_WARN_NON_LITERAL_NULL_CONVERSION = YES;
				CLANG_WARN_OBJC_IMPLICIT_RETAIN_SELF = YES;
				CLANG_WARN_OBJC_LITERAL_CONVERSION = YES;
				CLANG_WARN_OBJC_ROOT_CLASS = YES_ERROR;
				CLANG_WARN_QUOTED_INCLUDE_IN_FRAMEWORK_HEADER = YES;
				CLANG_WARN_RANGE_LOOP_ANALYSIS = YES;
				CLANG_WARN_STRICT_PROTOTYPES = YES;
				CLANG_WARN_SUSPICIOUS_MOVE = YES;
				CLANG_WARN_UNGUARDED_AVAILABILITY = YES_AGGRESSIVE;
				CLANG_WARN_UNREACHABLE_CODE = YES;
				CLANG_WARN__DUPLICATE_METHOD_MATCH = YES;
				COPY_PHASE_STRIP = NO;
				DEBUG_INFORMATION_FORMAT = dwarf;
				ENABLE_STRICT_OBJC_MSGSEND = YES;
				ENABLE_TESTABILITY = YES;
				EXCLUDED_ARCHS = "";
				GCC_C_LANGUAGE_STANDARD = gnu11;
				GCC_DYNAMIC_NO_PIC = NO;
				GCC_NO_COMMON_BLOCKS = YES;
				GCC_OPTIMIZATION_LEVEL = 0;
				GCC_PREPROCESSOR_DEFINITIONS = (
					"DEBUG=1",
					"$(inherited)",
				);
				GCC_WARN_64_TO_32_BIT_CONVERSION = YES;
				GCC_WARN_ABOUT_RETURN_TYPE = YES_ERROR;
				GCC_WARN_UNDECLARED_SELECTOR = YES;
				GCC_WARN_UNINITIALIZED_AUTOS = YES_AGGRESSIVE;
				GCC_WARN_UNUSED_FUNCTION = YES;
				GCC_WARN_UNUSED_VARIABLE = YES;
				IPHONEOS_DEPLOYMENT_TARGET = 15.0;
				MTL_ENABLE_DEBUG_INFO = INCLUDE_SOURCE;
				MTL_FAST_MATH = YES;
				ONLY_ACTIVE_ARCH = YES;
				SDKROOT = iphoneos;
				SWIFT_ACTIVE_COMPILATION_CONDITIONS = DEBUG;
				SWIFT_OPTIMIZATION_LEVEL = "-Onone";
				VALIDATE_PRODUCT = YES;
			};
			name = Debug;
		};
		2399603C279656EC001C8EA4 /* Release */ = {
			isa = XCBuildConfiguration;
			buildSettings = {
				ALWAYS_SEARCH_USER_PATHS = NO;
				CLANG_ANALYZER_NONNULL = YES;
				CLANG_ANALYZER_NUMBER_OBJECT_CONVERSION = YES_AGGRESSIVE;
				CLANG_CXX_LANGUAGE_STANDARD = "gnu++17";
				CLANG_CXX_LIBRARY = "libc++";
				CLANG_ENABLE_MODULES = YES;
				CLANG_ENABLE_OBJC_ARC = YES;
				CLANG_ENABLE_OBJC_WEAK = YES;
				CLANG_WARN_BLOCK_CAPTURE_AUTORELEASING = YES;
				CLANG_WARN_BOOL_CONVERSION = YES;
				CLANG_WARN_COMMA = YES;
				CLANG_WARN_CONSTANT_CONVERSION = YES;
				CLANG_WARN_DEPRECATED_OBJC_IMPLEMENTATIONS = YES;
				CLANG_WARN_DIRECT_OBJC_ISA_USAGE = YES_ERROR;
				CLANG_WARN_DOCUMENTATION_COMMENTS = YES;
				CLANG_WARN_EMPTY_BODY = YES;
				CLANG_WARN_ENUM_CONVERSION = YES;
				CLANG_WARN_INFINITE_RECURSION = YES;
				CLANG_WARN_INT_CONVERSION = YES;
				CLANG_WARN_NON_LITERAL_NULL_CONVERSION = YES;
				CLANG_WARN_OBJC_IMPLICIT_RETAIN_SELF = YES;
				CLANG_WARN_OBJC_LITERAL_CONVERSION = YES;
				CLANG_WARN_OBJC_ROOT_CLASS = YES_ERROR;
				CLANG_WARN_QUOTED_INCLUDE_IN_FRAMEWORK_HEADER = YES;
				CLANG_WARN_RANGE_LOOP_ANALYSIS = YES;
				CLANG_WARN_STRICT_PROTOTYPES = YES;
				CLANG_WARN_SUSPICIOUS_MOVE = YES;
				CLANG_WARN_UNGUARDED_AVAILABILITY = YES_AGGRESSIVE;
				CLANG_WARN_UNREACHABLE_CODE = YES;
				CLANG_WARN__DUPLICATE_METHOD_MATCH = YES;
				COPY_PHASE_STRIP = NO;
				DEBUG_INFORMATION_FORMAT = "dwarf-with-dsym";
				ENABLE_NS_ASSERTIONS = NO;
				ENABLE_STRICT_OBJC_MSGSEND = YES;
				EXCLUDED_ARCHS = "";
				GCC_C_LANGUAGE_STANDARD = gnu11;
				GCC_NO_COMMON_BLOCKS = YES;
				GCC_WARN_64_TO_32_BIT_CONVERSION = YES;
				GCC_WARN_ABOUT_RETURN_TYPE = YES_ERROR;
				GCC_WARN_UNDECLARED_SELECTOR = YES;
				GCC_WARN_UNINITIALIZED_AUTOS = YES_AGGRESSIVE;
				GCC_WARN_UNUSED_FUNCTION = YES;
				GCC_WARN_UNUSED_VARIABLE = YES;
				IPHONEOS_DEPLOYMENT_TARGET = 15.0;
				MTL_ENABLE_DEBUG_INFO = NO;
				MTL_FAST_MATH = YES;
				ONLY_ACTIVE_ARCH = YES;
				SDKROOT = iphoneos;
				SWIFT_COMPILATION_MODE = wholemodule;
				SWIFT_OPTIMIZATION_LEVEL = "-O";
				VALIDATE_PRODUCT = YES;
			};
			name = Release;
		};
		2399603E279656EC001C8EA4 /* Debug */ = {
			isa = XCBuildConfiguration;
			baseConfigurationReference = 2E6F0FA978ABC44499D16217 /* Pods-SeSacFriends.debug.xcconfig */;
			buildSettings = {
				ASSETCATALOG_COMPILER_APPICON_NAME = AppIcon;
				ASSETCATALOG_COMPILER_GLOBAL_ACCENT_COLOR_NAME = AccentColor;
				CODE_SIGN_ENTITLEMENTS = SeSacFriends/SeSacFriends.entitlements;
				CODE_SIGN_STYLE = Automatic;
				CURRENT_PROJECT_VERSION = 1;
				DEVELOPMENT_TEAM = 2EZ5QWFYX2;
				EXCLUDED_ARCHS = "";
				"EXCLUDED_ARCHS[sdk=iphonesimulator*]" = "";
				FRAMEWORK_SEARCH_PATHS = (
					"$(inherited)",
					"$(PROJECT_DIR)",
				);
				GENERATE_INFOPLIST_FILE = YES;
				INFOPLIST_FILE = SeSacFriends/Info.plist;
				INFOPLIST_KEY_UIApplicationSupportsIndirectInputEvents = YES;
				INFOPLIST_KEY_UILaunchStoryboardName = LaunchScreen;
				INFOPLIST_KEY_UISupportedInterfaceOrientations_iPad = "UIInterfaceOrientationPortrait UIInterfaceOrientationPortraitUpsideDown UIInterfaceOrientationLandscapeLeft UIInterfaceOrientationLandscapeRight";
				INFOPLIST_KEY_UISupportedInterfaceOrientations_iPhone = "UIInterfaceOrientationPortrait UIInterfaceOrientationLandscapeLeft UIInterfaceOrientationLandscapeRight";
				INFOPLIST_KEY_UIUserInterfaceStyle = Light;
				IPHONEOS_DEPLOYMENT_TARGET = 14.0;
				LD_RUNPATH_SEARCH_PATHS = (
					"$(inherited)",
					"@executable_path/Frameworks",
				);
				MARKETING_VERSION = 1.0;
				PRODUCT_BUNDLE_IDENTIFIER = com.memolease.sesac1;
				PRODUCT_NAME = "$(TARGET_NAME)";
				SWIFT_EMIT_LOC_STRINGS = YES;
				SWIFT_VERSION = 5.0;
				TARGETED_DEVICE_FAMILY = "1,2";
				VALIDATE_WORKSPACE = YES;
			};
			name = Debug;
		};
		2399603F279656EC001C8EA4 /* Release */ = {
			isa = XCBuildConfiguration;
			baseConfigurationReference = 2A124371AB832A99FA8DE1C1 /* Pods-SeSacFriends.release.xcconfig */;
			buildSettings = {
				ASSETCATALOG_COMPILER_APPICON_NAME = AppIcon;
				ASSETCATALOG_COMPILER_GLOBAL_ACCENT_COLOR_NAME = AccentColor;
				CODE_SIGN_ENTITLEMENTS = SeSacFriends/SeSacFriends.entitlements;
				CODE_SIGN_STYLE = Automatic;
				CURRENT_PROJECT_VERSION = 1;
				DEVELOPMENT_TEAM = 2EZ5QWFYX2;
				EXCLUDED_ARCHS = "";
				FRAMEWORK_SEARCH_PATHS = (
					"$(inherited)",
					"$(PROJECT_DIR)",
				);
				GENERATE_INFOPLIST_FILE = YES;
				INFOPLIST_FILE = SeSacFriends/Info.plist;
				INFOPLIST_KEY_UIApplicationSupportsIndirectInputEvents = YES;
				INFOPLIST_KEY_UILaunchStoryboardName = LaunchScreen;
				INFOPLIST_KEY_UISupportedInterfaceOrientations_iPad = "UIInterfaceOrientationPortrait UIInterfaceOrientationPortraitUpsideDown UIInterfaceOrientationLandscapeLeft UIInterfaceOrientationLandscapeRight";
				INFOPLIST_KEY_UISupportedInterfaceOrientations_iPhone = "UIInterfaceOrientationPortrait UIInterfaceOrientationLandscapeLeft UIInterfaceOrientationLandscapeRight";
				INFOPLIST_KEY_UIUserInterfaceStyle = Light;
				IPHONEOS_DEPLOYMENT_TARGET = 14.0;
				LD_RUNPATH_SEARCH_PATHS = (
					"$(inherited)",
					"@executable_path/Frameworks",
				);
				MARKETING_VERSION = 1.0;
				PRODUCT_BUNDLE_IDENTIFIER = com.memolease.sesac1;
				PRODUCT_NAME = "$(TARGET_NAME)";
				SWIFT_EMIT_LOC_STRINGS = YES;
				SWIFT_VERSION = 5.0;
				TARGETED_DEVICE_FAMILY = "1,2";
				VALIDATE_WORKSPACE = YES;
			};
			name = Release;
		};
/* End XCBuildConfiguration section */

/* Begin XCConfigurationList section */
		23996024279656EB001C8EA4 /* Build configuration list for PBXProject "SeSacFriends" */ = {
			isa = XCConfigurationList;
			buildConfigurations = (
				2399603B279656EC001C8EA4 /* Debug */,
				2399603C279656EC001C8EA4 /* Release */,
			);
			defaultConfigurationIsVisible = 0;
			defaultConfigurationName = Release;
		};
		2399603D279656EC001C8EA4 /* Build configuration list for PBXNativeTarget "SeSacFriends" */ = {
			isa = XCConfigurationList;
			buildConfigurations = (
				2399603E279656EC001C8EA4 /* Debug */,
				2399603F279656EC001C8EA4 /* Release */,
			);
			defaultConfigurationIsVisible = 0;
			defaultConfigurationName = Release;
		};
/* End XCConfigurationList section */
	};
	rootObject = 23996021279656EB001C8EA4 /* Project object */;
}
